
Microsoft Visual Studio Solution File, Format Version 12.00
# Visual Studio Version 17
VisualStudioVersion = 17.8.34408.163
MinimumVisualStudioVersion = 10.0.40219.1
Project("{FAE04EC0-301F-11D3-BF4B-00C04F79EFBC}") = "Sitemap.AspNetCore", "src\Sitemap.AspNetCore\Sitemap.AspNetCore.csproj", "{DC78B0F0-C432-40E0-B457-28DECCF93989}"
EndProject
Project("{2150E333-8FDC-42A3-9474-1A3956D46DE8}") = "SolutionItems", "SolutionItems", "{A84962F5-CBDA-4DFA-8330-688B1E74BF45}"
	ProjectSection(SolutionItems) = preProject
		.gitignore = .gitignore
		LICENSE = LICENSE
		README.md = README.md
	EndProjectSection
EndProject
Project("{2150E333-8FDC-42A3-9474-1A3956D46DE8}") = "Src", "Src", "{8BB6D612-E472-451D-8EE3-390A292B238F}"
EndProject
Project("{2150E333-8FDC-42A3-9474-1A3956D46DE8}") = "Tests", "Tests", "{150077D2-C1D4-422C-9343-1A0FAA5C663E}"
EndProject
Project("{2150E333-8FDC-42A3-9474-1A3956D46DE8}") = "Workflows", "Workflows", "{E72C226B-3784-4B17-B977-91D8B93DB3A3}"
	ProjectSection(SolutionItems) = preProject
		.github\workflows\build.yml = .github\workflows\build.yml
		.github\workflows\release.yml = .github\workflows\release.yml
	EndProjectSection
EndProject
Project("{FAE04EC0-301F-11D3-BF4B-00C04F79EFBC}") = "Sitemap.AspNetCore.Tests", "src\Sitemap.AspNetCore.Tests\Sitemap.AspNetCore.Tests.csproj", "{FF6107F5-2129-4482-976D-4A59B7CF9012}"
EndProject
Global
	GlobalSection(SolutionConfigurationPlatforms) = preSolution
		Debug|Any CPU = Debug|Any CPU
		Release|Any CPU = Release|Any CPU
	EndGlobalSection
	GlobalSection(ProjectConfigurationPlatforms) = postSolution
		{DC78B0F0-C432-40E0-B457-28DECCF93989}.Debug|Any CPU.ActiveCfg = Debug|Any CPU
		{DC78B0F0-C432-40E0-B457-28DECCF93989}.Debug|Any CPU.Build.0 = Debug|Any CPU
		{DC78B0F0-C432-40E0-B457-28DECCF93989}.Release|Any CPU.ActiveCfg = Release|Any CPU
		{DC78B0F0-C432-40E0-B457-28DECCF93989}.Release|Any CPU.Build.0 = Release|Any CPU
		{FF6107F5-2129-4482-976D-4A59B7CF9012}.Debug|Any CPU.ActiveCfg = Debug|Any CPU
		{FF6107F5-2129-4482-976D-4A59B7CF9012}.Debug|Any CPU.Build.0 = Debug|Any CPU
		{FF6107F5-2129-4482-976D-4A59B7CF9012}.Release|Any CPU.ActiveCfg = Release|Any CPU
		{FF6107F5-2129-4482-976D-4A59B7CF9012}.Release|Any CPU.Build.0 = Release|Any CPU
	EndGlobalSection
	GlobalSection(SolutionProperties) = preSolution
		HideSolutionNode = FALSE
	EndGlobalSection
	GlobalSection(ExtensibilityGlobals) = postSolution
		SolutionGuid = {BAAFA8AB-8CE7-4B73-8583-EB5CD2DD789E}
	EndGlobalSection
	GlobalSection(NestedProjects) = preSolution
		{DC78B0F0-C432-40E0-B457-28DECCF93989} = {8BB6D612-E472-451D-8EE3-390A292B238F}
		{FF6107F5-2129-4482-976D-4A59B7CF9012} = {150077D2-C1D4-422C-9343-1A0FAA5C663E}
	EndGlobalSection
EndGlobal
